
Microsoft Visual Studio Solution File, Format Version 12.00
# Visual Studio Version 17
VisualStudioVersion = 17.4.33205.214
MinimumVisualStudioVersion = 10.0.40219.1
Project("{FAE04EC0-301F-11D3-BF4B-00C04F79EFBC}") = "WindowsFormsUPSKILLINGGAMA", "WindowsFormsUPSKILLINGGAMA\WindowsFormsUPSKILLINGGAMA.csproj", "{3A373D43-E1F5-4202-A9AC-A15FA36CCD26}"
EndProject
Global
	GlobalSection(SolutionConfigurationPlatforms) = preSolution
		Debug|Any CPU = Debug|Any CPU
		Release|Any CPU = Release|Any CPU
	EndGlobalSection
	GlobalSection(ProjectConfigurationPlatforms) = postSolution
		{3A373D43-E1F5-4202-A9AC-A15FA36CCD26}.Debug|Any CPU.ActiveCfg = Debug|Any CPU
		{3A373D43-E1F5-4202-A9AC-A15FA36CCD26}.Debug|Any CPU.Build.0 = Debug|Any CPU
		{3A373D43-E1F5-4202-A9AC-A15FA36CCD26}.Release|Any CPU.ActiveCfg = Release|Any CPU
		{3A373D43-E1F5-4202-A9AC-A15FA36CCD26}.Release|Any CPU.Build.0 = Release|Any CPU
	EndGlobalSection
	GlobalSection(SolutionProperties) = preSolution
		HideSolutionNode = FALSE
	EndGlobalSection
	GlobalSection(ExtensibilityGlobals) = postSolution
		SolutionGuid = {6BACC461-BA8E-4D93-8790-DC7960B8CDC4}
	EndGlobalSection
EndGlobal
